<Solution>
  <Folder Name="/App/">
    <Project Path="Kyanite.Android/Kyanite.Android.csproj">
      <Deploy />
    </Project>
    <Project Path="Kyanite.Browser/Kyanite.Browser.csproj" />
    <Project Path="Kyanite.Desktop/Kyanite.Desktop.csproj" />
    <Project Path="Kyanite.iOS/Kyanite.iOS.csproj">
      <Deploy />
    </Project>
    <Project Path="Kyanite/Kyanite.csproj" />
  </Folder>
  <Project Path="KyaniteAPI/KyaniteAPI.csproj" Id="e20e38e9-c4b9-4122-9de6-0432b646feae" />
</Solution>
